// !$*UTF8*$!
{
	archiveVersion = 1;
	classes = {
	};
	objectVersion = 51;
	objects = {

/* Begin PBXBuildFile section */
		036C631E8EA979C02776C0A7 /* FUBeautySettingViewController.h in CopyFiles */ = {isa = PBXBuildFile; fileRef = 7FCD7AAED99754042BC48696 /* FUBeautySettingViewController.h */; };
		04DFE7FEF38D5B711885B076 /* dataSource.plist in Resources */ = {isa = PBXBuildFile; fileRef = 7D4C37E6B957C33BDCDE7178 /* dataSource.plist */; };
		0576E41D82396E134C5A067D /* FUAPIDemoBar.xib in Resources */ = {isa = PBXBuildFile; fileRef = DC2F6ED025E5CC565CC1DFF1 /* FUAPIDemoBar.xib */; };
		0C08D82CEED179E7478ABD25 /* FUSquareButton.m in Sources */ = {isa = PBXBuildFile; fileRef = 34D473D505335A752A8483F7 /* FUSquareButton.m */; };
		179CEA6BCDBBF8C2209C176E /* NSBundle+FaceUnity.h in CopyFiles */ = {isa = PBXBuildFile; fileRef = ADCC28AACB17D4A91FD84348 /* NSBundle+FaceUnity.h */; };
		23099E4C930B217A2ADAEB2F /* Media.xcassets in Resources */ = {isa = PBXBuildFile; fileRef = 37231656C54E2AF4AC371077 /* Media.xcassets */; };
		276CAD9FA515814B8E0629AF /* FULiveModel.m in Sources */ = {isa = PBXBuildFile; fileRef = 6F34C6AB2E6E6E4E11A0816F /* FULiveModel.m */; };
		3E1F67777CBB402C2D79D2AC /* main.m in Sources */ = {isa = PBXBuildFile; fileRef = 4BCC1C5CD5B91869ACFEC1BA /* main.m */; };
		3F785349E341727DF3F1C83D /* FUBeautyParam.h in CopyFiles */ = {isa = PBXBuildFile; fileRef = 5A033D9477AA2BF0218F70BE /* FUBeautyParam.h */; };
		40D6545A34BE6C2A6F554566 /* Assets.xcassets in Resources */ = {isa = PBXBuildFile; fileRef = C4EE104CFC32915AAC014639 /* Assets.xcassets */; };
		41567482276C7AA064404153 /* FUManager.h in CopyFiles */ = {isa = PBXBuildFile; fileRef = ADBA4D03C41807CC058CDB4C /* FUManager.h */; };
		4260B9A7B44D61E26FDC818F /* AppDelegate.m in Sources */ = {isa = PBXBuildFile; fileRef = 2A4AD6B8D958E138658B0F85 /* AppDelegate.m */; };
		42CADCD7C0EC0BDC9C3E7DA3 /* FUAPIDemoBar.m in Sources */ = {isa = PBXBuildFile; fileRef = CCDED30B45881BA6174AAFEA /* FUAPIDemoBar.m */; };
		4579A963803C28A610F3CFCA /* FUDemoBarDefine.h in CopyFiles */ = {isa = PBXBuildFile; fileRef = 3B6E25B17D41DB67DC31A465 /* FUDemoBarDefine.h */; };
		485001CB83315BF29835E75B /* FUBeautySettingViewController.m in Sources */ = {isa = PBXBuildFile; fileRef = 45D5F8DC13F1473C6EF34502 /* FUBeautySettingViewController.m */; };
		4D57FCC548359AF065FC84E7 /* FUBeautyParam.m in Sources */ = {isa = PBXBuildFile; fileRef = D25082F05B7D08D476505A01 /* FUBeautyParam.m */; };
		4D93DD83C63486260D425E9E /* FUSlider.h in CopyFiles */ = {isa = PBXBuildFile; fileRef = 67CF4FFE5D2158D299CB2A7C /* FUSlider.h */; };
		4EDC93D48C1A3B7F66511A61 /* FUOpenGLView.m in Sources */ = {isa = PBXBuildFile; fileRef = 4EF1CE3234695A211D96AA4D /* FUOpenGLView.m */; };
		579ACC8715785D0B1F3A5DBE /* FUBeautyPreferences.m in Sources */ = {isa = PBXBuildFile; fileRef = 92838819ED2EDD44EA3F432D /* FUBeautyPreferences.m */; };
		5AEBB62C6A1BD347CA5333CA /* UIColor+FUAPIDemoBar.m in Sources */ = {isa = PBXBuildFile; fileRef = D95B3CFF2BC856492ED7B80B /* UIColor+FUAPIDemoBar.m */; };
		66C341C4EB2FEA1C8D4CE1A0 /* TestViewController.m in Sources */ = {isa = PBXBuildFile; fileRef = 3078057DADE673E9166119E0 /* TestViewController.m */; };
		67E0942D8BB9B49820856366 /* FUBeautyManager.h in CopyFiles */ = {isa = PBXBuildFile; fileRef = AD4375C66E94FBB4CF6CF9AC /* FUBeautyManager.h */; };
		69510D6787EB7B49930CD3A1 /* FUSlider.m in Sources */ = {isa = PBXBuildFile; fileRef = 9DA6DFB1CC0358009505596B /* FUSlider.m */; };
		69E427EBB2FA83F9EAAFE8F1 /* FUImageHelper.h in CopyFiles */ = {isa = PBXBuildFile; fileRef = 22BBAC5A07D72E15FF7EFF8B /* FUImageHelper.h */; };
		6A181E59997B7CAEBF1604DB /* MainViewController.m in Sources */ = {isa = PBXBuildFile; fileRef = 5B376719EFE6A3C52111422F /* MainViewController.m */; };
		6A57C5BABD209A78706AF1C5 /* FUBeautyManager.m in Sources */ = {isa = PBXBuildFile; fileRef = 8B874536C75635B45F37457F /* FUBeautyManager.m */; };
		7C4D16461804B705ACD9C27B /* FUBeautyPreferences.h in CopyFiles */ = {isa = PBXBuildFile; fileRef = 993606C935186C69E87B55DA /* FUBeautyPreferences.h */; };
		7FDAA328CCDC2B39EE96F652 /* FUSquareButton.h in CopyFiles */ = {isa = PBXBuildFile; fileRef = FED2CC836F88290CECB03634 /* FUSquareButton.h */; };
		7FF633850EB785AEF2D97EE2 /* UIImage+demobar.h in CopyFiles */ = {isa = PBXBuildFile; fileRef = EBCD9D60ECCDD74F404BD93D /* UIImage+demobar.h */; };
		8093ED2283C3C8F27C476B2C /* FUImageHelper.m in Sources */ = {isa = PBXBuildFile; fileRef = 9C4E60F27D246C48CBC8C526 /* FUImageHelper.m */; };
		84EC027F362DFDDFAA141A4B /* UIColor+FUAPIDemoBar.h in CopyFiles */ = {isa = PBXBuildFile; fileRef = 61DF7EBAB426BD62C1B9AB1A /* UIColor+FUAPIDemoBar.h */; };
		9414E9E4FE91D9262F23048C /* FUFilterView.m in Sources */ = {isa = PBXBuildFile; fileRef = A901305A6471317A386A5538 /* FUFilterView.m */; };
		9C00EFEE7BC9F320F79671DE /* FUAPIDemoBar+FUFixNibLocation.m in Sources */ = {isa = PBXBuildFile; fileRef = A36A02790A8CC03990D34F30 /* FUAPIDemoBar+FUFixNibLocation.m */; };
		A94ED5723DF6EF6F90AD5027 /* NSBundle+FaceUnity.m in Sources */ = {isa = PBXBuildFile; fileRef = D2D28C3677E054A2D07F83F6 /* NSBundle+FaceUnity.m */; };
		ACDEFCA5393884C3DF8AB06C /* libPods-Example.a in Frameworks */ = {isa = PBXBuildFile; fileRef = 9334D5BDC04104A8241CE6C9 /* libPods-Example.a */; };
		AE0951F988718E461C2C8647 /* LaunchScreen.storyboard in Resources */ = {isa = PBXBuildFile; fileRef = CE870CD263054B9A34D0DC34 /* LaunchScreen.storyboard */; };
		B04BD1655B8F39D85B7355BA /* FURecordEncoder.m in Sources */ = {isa = PBXBuildFile; fileRef = AEFF642A48835B748DE7C883 /* FURecordEncoder.m */; };
		B0FC1DA8667D4B925205E21A /* FURecordEncoder.h in CopyFiles */ = {isa = PBXBuildFile; fileRef = 4A4F38564BBAC81A9C150569 /* FURecordEncoder.h */; };
		B188B9BFFC0DDD0A331383B7 /* FUCamera.h in CopyFiles */ = {isa = PBXBuildFile; fileRef = 98C50C7F4567F943539D8EBD /* FUCamera.h */; };
		B19B4C0A4EFE3320260B6608 /* FUManager.m in Sources */ = {isa = PBXBuildFile; fileRef = D7835601002E4E0BAA27C6DF /* FUManager.m */; };
		B406E9A67C34E11C9AA9D811 /* FUCamera.m in Sources */ = {isa = PBXBuildFile; fileRef = 3A26CCA57EEFE42D0A33BBF9 /* FUCamera.m */; };
		B6072F676DB20B2898248CF2 /* FUAuthData.m in Sources */ = {isa = PBXBuildFile; fileRef = E403DF82AAFAB0209DED0B4F /* FUAuthData.m */; };
		B751E1E683BD1B604A1DAAF9 /* FUMusicPlayer.m in Sources */ = {isa = PBXBuildFile; fileRef = 9FE746C55F1880E684A17D4E /* FUMusicPlayer.m */; };
		B98C5DD49239D22123498E45 /* FaceUnity.h in CopyFiles */ = {isa = PBXBuildFile; fileRef = AEDCC84A02903E514B336829 /* FaceUnity.h */; };
		BA0F52E965F24FBAB9D8E20D /* FUBeautyView.h in CopyFiles */ = {isa = PBXBuildFile; fileRef = 47B447D0A6E06952132E7904 /* FUBeautyView.h */; };
		CB76E773B742753C604A69A6 /* FUAuthData.h in CopyFiles */ = {isa = PBXBuildFile; fileRef = F0F06C54ED6D3C6324D35EF7 /* FUAuthData.h */; };
		CD970BFC9F5444597A527A2C /* FUAPIDemoBar.h in CopyFiles */ = {isa = PBXBuildFile; fileRef = C40FA7456962F6360BEB7AD3 /* FUAPIDemoBar.h */; };
		D2D9D84ADDD5DFAB88887E62 /* FUAPIDemoBar+FUAPIDemoBarDelegate.h in CopyFiles */ = {isa = PBXBuildFile; fileRef = ADCA89F1658698A169B5DF2D /* FUAPIDemoBar+FUAPIDemoBarDelegate.h */; };
		DA74998CE502CA25479D5972 /* FULiveModel.h in CopyFiles */ = {isa = PBXBuildFile; fileRef = 9C6295523C84192E2F231FD1 /* FULiveModel.h */; };
		DC705EE6FB64CFD3D905C6FA /* FUAPIDemoBar+FUAPIDemoBarDelegate.m in Sources */ = {isa = PBXBuildFile; fileRef = E3B299D596B1E9D6929F5932 /* FUAPIDemoBar+FUAPIDemoBarDelegate.m */; };
		ECBACCA23B4941D702058B61 /* FUOpenGLView.h in CopyFiles */ = {isa = PBXBuildFile; fileRef = 525939AA1765A9CC5BE70056 /* FUOpenGLView.h */; };
		F31B3825BB8EF933433AB738 /* FUBeautyView.m in Sources */ = {isa = PBXBuildFile; fileRef = 88D66AA8DAF7AE3B826FEA18 /* FUBeautyView.m */; };
		F9B7A68E328A1DA250CA7F22 /* FUMusicPlayer.h in CopyFiles */ = {isa = PBXBuildFile; fileRef = 996139A843F55B8A43191631 /* FUMusicPlayer.h */; };
		FAF2587BD23BBB1AC5DDC672 /* FUBeautyManager+FUSettingsPanel.m in Sources */ = {isa = PBXBuildFile; fileRef = 2A9E84C8177E78860423AE73 /* FUBeautyManager+FUSettingsPanel.m */; };
		FC90740266B111D09A095C0A /* UIImage+demobar.m in Sources */ = {isa = PBXBuildFile; fileRef = B690309CDB01804BFEDF3144 /* UIImage+demobar.m */; };
		FFF04A380EF85F86709282DA /* FUFilterView.h in CopyFiles */ = {isa = PBXBuildFile; fileRef = 957E39D7B6FF536C0FF874E9 /* FUFilterView.h */; };
/* End PBXBuildFile section */

/* Begin PBXCopyFilesBuildPhase section */
		E6AA5765DB68782504A89642 /* CopyFiles */ = {
			isa = PBXCopyFilesBuildPhase;
			buildActionMask = 2147483647;
			dstPath = "include/$(PRODUCT_NAME)";
			dstSubfolderSpec = 16;
			files = (
				D2D9D84ADDD5DFAB88887E62 /* FUAPIDemoBar+FUAPIDemoBarDelegate.h in CopyFiles */,
				CD970BFC9F5444597A527A2C /* FUAPIDemoBar.h in CopyFiles */,
				CB76E773B742753C604A69A6 /* FUAuthData.h in CopyFiles */,
				67E0942D8BB9B49820856366 /* FUBeautyManager.h in CopyFiles */,
				3F785349E341727DF3F1C83D /* FUBeautyParam.h in CopyFiles */,
				7C4D16461804B705ACD9C27B /* FUBeautyPreferences.h in CopyFiles */,
				036C631E8EA979C02776C0A7 /* FUBeautySettingViewController.h in CopyFiles */,
				BA0F52E965F24FBAB9D8E20D /* FUBeautyView.h in CopyFiles */,
				B188B9BFFC0DDD0A331383B7 /* FUCamera.h in CopyFiles */,
				4579A963803C28A610F3CFCA /* FUDemoBarDefine.h in CopyFiles */,
				FFF04A380EF85F86709282DA /* FUFilterView.h in CopyFiles */,
				69E427EBB2FA83F9EAAFE8F1 /* FUImageHelper.h in CopyFiles */,
				DA74998CE502CA25479D5972 /* FULiveModel.h in CopyFiles */,
				41567482276C7AA064404153 /* FUManager.h in CopyFiles */,
				F9B7A68E328A1DA250CA7F22 /* FUMusicPlayer.h in CopyFiles */,
				ECBACCA23B4941D702058B61 /* FUOpenGLView.h in CopyFiles */,
				B0FC1DA8667D4B925205E21A /* FURecordEncoder.h in CopyFiles */,
				4D93DD83C63486260D425E9E /* FUSlider.h in CopyFiles */,
				7FDAA328CCDC2B39EE96F652 /* FUSquareButton.h in CopyFiles */,
				B98C5DD49239D22123498E45 /* FaceUnity.h in CopyFiles */,
				179CEA6BCDBBF8C2209C176E /* NSBundle+FaceUnity.h in CopyFiles */,
				84EC027F362DFDDFAA141A4B /* UIColor+FUAPIDemoBar.h in CopyFiles */,
				7FF633850EB785AEF2D97EE2 /* UIImage+demobar.h in CopyFiles */,
			);
			runOnlyForDeploymentPostprocessing = 0;
		};
/* End PBXCopyFilesBuildPhase section */

/* Begin PBXFileReference section */
		1C7FC9A585AE1432E9B2AD6A /* Base */ = {isa = PBXFileReference; lastKnownFileType = file.xib; name = Base; path = Base.lproj/FUAPIDemoBar.xib; sourceTree = "<group>"; };
		22BBAC5A07D72E15FF7EFF8B /* FUImageHelper.h */ = {isa = PBXFileReference; lastKnownFileType = sourcecode.c.h; path = FUImageHelper.h; sourceTree = "<group>"; };
		2A4AD6B8D958E138658B0F85 /* AppDelegate.m */ = {isa = PBXFileReference; lastKnownFileType = sourcecode.c.objc; path = AppDelegate.m; sourceTree = "<group>"; };
		2A9E84C8177E78860423AE73 /* FUBeautyManager+FUSettingsPanel.m */ = {isa = PBXFileReference; lastKnownFileType = sourcecode.c.objc; path = "FUBeautyManager+FUSettingsPanel.m"; sourceTree = "<group>"; };
		3078057DADE673E9166119E0 /* TestViewController.m */ = {isa = PBXFileReference; lastKnownFileType = sourcecode.c.objc; path = TestViewController.m; sourceTree = "<group>"; };
		34D473D505335A752A8483F7 /* FUSquareButton.m */ = {isa = PBXFileReference; lastKnownFileType = sourcecode.c.objc; path = FUSquareButton.m; sourceTree = "<group>"; };
		37231656C54E2AF4AC371077 /* Media.xcassets */ = {isa = PBXFileReference; lastKnownFileType = folder.assetcatalog; path = Media.xcassets; sourceTree = "<group>"; };
		3A26CCA57EEFE42D0A33BBF9 /* FUCamera.m */ = {isa = PBXFileReference; lastKnownFileType = sourcecode.c.objc; path = FUCamera.m; sourceTree = "<group>"; };
		3B6E25B17D41DB67DC31A465 /* FUDemoBarDefine.h */ = {isa = PBXFileReference; lastKnownFileType = sourcecode.c.h; path = FUDemoBarDefine.h; sourceTree = "<group>"; };
		45D5F8DC13F1473C6EF34502 /* FUBeautySettingViewController.m */ = {isa = PBXFileReference; lastKnownFileType = sourcecode.c.objc; path = FUBeautySettingViewController.m; sourceTree = "<group>"; };
		47B447D0A6E06952132E7904 /* FUBeautyView.h */ = {isa = PBXFileReference; lastKnownFileType = sourcecode.c.h; path = FUBeautyView.h; sourceTree = "<group>"; };
		4A4F38564BBAC81A9C150569 /* FURecordEncoder.h */ = {isa = PBXFileReference; lastKnownFileType = sourcecode.c.h; path = FURecordEncoder.h; sourceTree = "<group>"; };
		4BCC1C5CD5B91869ACFEC1BA /* main.m */ = {isa = PBXFileReference; lastKnownFileType = sourcecode.c.objc; path = main.m; sourceTree = "<group>"; };
		4DB38398BF6B92E596128731 /* Base */ = {isa = PBXFileReference; lastKnownFileType = file.storyboard; name = Base; path = Base.lproj/LaunchScreen.storyboard; sourceTree = "<group>"; };
		4EF1CE3234695A211D96AA4D /* FUOpenGLView.m */ = {isa = PBXFileReference; lastKnownFileType = sourcecode.c.objc; path = FUOpenGLView.m; sourceTree = "<group>"; };
		525939AA1765A9CC5BE70056 /* FUOpenGLView.h */ = {isa = PBXFileReference; lastKnownFileType = sourcecode.c.h; path = FUOpenGLView.h; sourceTree = "<group>"; };
		55E2C1D538E90C8DD57F6648 /* Pods-Example.debug.xcconfig */ = {isa = PBXFileReference; includeInIndex = 1; lastKnownFileType = text.xcconfig; name = "Pods-Example.debug.xcconfig"; path = "Target Support Files/Pods-Example/Pods-Example.debug.xcconfig"; sourceTree = "<group>"; };
		569435E63F9EE65C8C2720E7 /* AppDelegate.h */ = {isa = PBXFileReference; lastKnownFileType = sourcecode.c.h; path = AppDelegate.h; sourceTree = "<group>"; };
		5A033D9477AA2BF0218F70BE /* FUBeautyParam.h */ = {isa = PBXFileReference; lastKnownFileType = sourcecode.c.h; path = FUBeautyParam.h; sourceTree = "<group>"; };
		5B376719EFE6A3C52111422F /* MainViewController.m */ = {isa = PBXFileReference; lastKnownFileType = sourcecode.c.objc; path = MainViewController.m; sourceTree = "<group>"; };
		61DF7EBAB426BD62C1B9AB1A /* UIColor+FUAPIDemoBar.h */ = {isa = PBXFileReference; lastKnownFileType = sourcecode.c.h; path = "UIColor+FUAPIDemoBar.h"; sourceTree = "<group>"; };
		67CF4FFE5D2158D299CB2A7C /* FUSlider.h */ = {isa = PBXFileReference; lastKnownFileType = sourcecode.c.h; path = FUSlider.h; sourceTree = "<group>"; };
		6F34C6AB2E6E6E4E11A0816F /* FULiveModel.m */ = {isa = PBXFileReference; lastKnownFileType = sourcecode.c.objc; path = FULiveModel.m; sourceTree = "<group>"; };
		7D4C37E6B957C33BDCDE7178 /* dataSource.plist */ = {isa = PBXFileReference; lastKnownFileType = text.plist; path = dataSource.plist; sourceTree = "<group>"; };
		7FCD7AAED99754042BC48696 /* FUBeautySettingViewController.h */ = {isa = PBXFileReference; lastKnownFileType = sourcecode.c.h; path = FUBeautySettingViewController.h; sourceTree = "<group>"; };
		88D66AA8DAF7AE3B826FEA18 /* FUBeautyView.m */ = {isa = PBXFileReference; lastKnownFileType = sourcecode.c.objc; path = FUBeautyView.m; sourceTree = "<group>"; };
		8B874536C75635B45F37457F /* FUBeautyManager.m */ = {isa = PBXFileReference; lastKnownFileType = sourcecode.c.objc; path = FUBeautyManager.m; sourceTree = "<group>"; };
		92838819ED2EDD44EA3F432D /* FUBeautyPreferences.m */ = {isa = PBXFileReference; lastKnownFileType = sourcecode.c.objc; path = FUBeautyPreferences.m; sourceTree = "<group>"; };
		9334D5BDC04104A8241CE6C9 /* libPods-Example.a */ = {isa = PBXFileReference; explicitFileType = archive.ar; includeInIndex = 0; path = "libPods-Example.a"; sourceTree = BUILT_PRODUCTS_DIR; };
		957E39D7B6FF536C0FF874E9 /* FUFilterView.h */ = {isa = PBXFileReference; lastKnownFileType = sourcecode.c.h; path = FUFilterView.h; sourceTree = "<group>"; };
		963D73134A129E555F7F8B3A /* Pods-Example.release.xcconfig */ = {isa = PBXFileReference; includeInIndex = 1; lastKnownFileType = text.xcconfig; name = "Pods-Example.release.xcconfig"; path = "Target Support Files/Pods-Example/Pods-Example.release.xcconfig"; sourceTree = "<group>"; };
		98C50C7F4567F943539D8EBD /* FUCamera.h */ = {isa = PBXFileReference; lastKnownFileType = sourcecode.c.h; path = FUCamera.h; sourceTree = "<group>"; };
		993606C935186C69E87B55DA /* FUBeautyPreferences.h */ = {isa = PBXFileReference; lastKnownFileType = sourcecode.c.h; path = FUBeautyPreferences.h; sourceTree = "<group>"; };
		996139A843F55B8A43191631 /* FUMusicPlayer.h */ = {isa = PBXFileReference; lastKnownFileType = sourcecode.c.h; path = FUMusicPlayer.h; sourceTree = "<group>"; };
		9C4E60F27D246C48CBC8C526 /* FUImageHelper.m */ = {isa = PBXFileReference; lastKnownFileType = sourcecode.c.objc; path = FUImageHelper.m; sourceTree = "<group>"; };
		9C6295523C84192E2F231FD1 /* FULiveModel.h */ = {isa = PBXFileReference; lastKnownFileType = sourcecode.c.h; path = FULiveModel.h; sourceTree = "<group>"; };
		9DA6DFB1CC0358009505596B /* FUSlider.m */ = {isa = PBXFileReference; lastKnownFileType = sourcecode.c.objc; path = FUSlider.m; sourceTree = "<group>"; };
		9FE746C55F1880E684A17D4E /* FUMusicPlayer.m */ = {isa = PBXFileReference; lastKnownFileType = sourcecode.c.objc; path = FUMusicPlayer.m; sourceTree = "<group>"; };
		A36A02790A8CC03990D34F30 /* FUAPIDemoBar+FUFixNibLocation.m */ = {isa = PBXFileReference; lastKnownFileType = sourcecode.c.objc; path = "FUAPIDemoBar+FUFixNibLocation.m"; sourceTree = "<group>"; };
		A901305A6471317A386A5538 /* FUFilterView.m */ = {isa = PBXFileReference; lastKnownFileType = sourcecode.c.objc; path = FUFilterView.m; sourceTree = "<group>"; };
		AD4375C66E94FBB4CF6CF9AC /* FUBeautyManager.h */ = {isa = PBXFileReference; lastKnownFileType = sourcecode.c.h; path = FUBeautyManager.h; sourceTree = "<group>"; };
		ADBA4D03C41807CC058CDB4C /* FUManager.h */ = {isa = PBXFileReference; lastKnownFileType = sourcecode.c.h; path = FUManager.h; sourceTree = "<group>"; };
		ADCA89F1658698A169B5DF2D /* FUAPIDemoBar+FUAPIDemoBarDelegate.h */ = {isa = PBXFileReference; lastKnownFileType = sourcecode.c.h; path = "FUAPIDemoBar+FUAPIDemoBarDelegate.h"; sourceTree = "<group>"; };
		ADCC28AACB17D4A91FD84348 /* NSBundle+FaceUnity.h */ = {isa = PBXFileReference; lastKnownFileType = sourcecode.c.h; path = "NSBundle+FaceUnity.h"; sourceTree = "<group>"; };
		AEDCC84A02903E514B336829 /* FaceUnity.h */ = {isa = PBXFileReference; lastKnownFileType = sourcecode.c.h; path = FaceUnity.h; sourceTree = "<group>"; };
		AEFF642A48835B748DE7C883 /* FURecordEncoder.m */ = {isa = PBXFileReference; lastKnownFileType = sourcecode.c.objc; path = FURecordEncoder.m; sourceTree = "<group>"; };
		B2E4F1A48B8C811180B74F52 /* authpack.h */ = {isa = PBXFileReference; lastKnownFileType = sourcecode.c.h; path = authpack.h; sourceTree = "<group>"; };
		B690309CDB01804BFEDF3144 /* UIImage+demobar.m */ = {isa = PBXFileReference; lastKnownFileType = sourcecode.c.objc; path = "UIImage+demobar.m"; sourceTree = "<group>"; };
		C40FA7456962F6360BEB7AD3 /* FUAPIDemoBar.h */ = {isa = PBXFileReference; lastKnownFileType = sourcecode.c.h; path = FUAPIDemoBar.h; sourceTree = "<group>"; };
		C4EE104CFC32915AAC014639 /* Assets.xcassets */ = {isa = PBXFileReference; lastKnownFileType = folder.assetcatalog; path = Assets.xcassets; sourceTree = "<group>"; };
		CCDED30B45881BA6174AAFEA /* FUAPIDemoBar.m */ = {isa = PBXFileReference; lastKnownFileType = sourcecode.c.objc; path = FUAPIDemoBar.m; sourceTree = "<group>"; };
		D25082F05B7D08D476505A01 /* FUBeautyParam.m */ = {isa = PBXFileReference; lastKnownFileType = sourcecode.c.objc; path = FUBeautyParam.m; sourceTree = "<group>"; };
		D2D28C3677E054A2D07F83F6 /* NSBundle+FaceUnity.m */ = {isa = PBXFileReference; lastKnownFileType = sourcecode.c.objc; path = "NSBundle+FaceUnity.m"; sourceTree = "<group>"; };
		D7835601002E4E0BAA27C6DF /* FUManager.m */ = {isa = PBXFileReference; lastKnownFileType = sourcecode.c.objc; path = FUManager.m; sourceTree = "<group>"; };
		D8F5B23B2ECF891779FCE856 /* MainViewController.h */ = {isa = PBXFileReference; lastKnownFileType = sourcecode.c.h; path = MainViewController.h; sourceTree = "<group>"; };
		D95B3CFF2BC856492ED7B80B /* UIColor+FUAPIDemoBar.m */ = {isa = PBXFileReference; lastKnownFileType = sourcecode.c.objc; path = "UIColor+FUAPIDemoBar.m"; sourceTree = "<group>"; };
		E3B299D596B1E9D6929F5932 /* FUAPIDemoBar+FUAPIDemoBarDelegate.m */ = {isa = PBXFileReference; lastKnownFileType = sourcecode.c.objc; path = "FUAPIDemoBar+FUAPIDemoBarDelegate.m"; sourceTree = "<group>"; };
		E403DF82AAFAB0209DED0B4F /* FUAuthData.m */ = {isa = PBXFileReference; lastKnownFileType = sourcecode.c.objc; path = FUAuthData.m; sourceTree = "<group>"; };
		E6B4EA2E9E193A3005D345D3 /* FaceUnity.a */ = {isa = PBXFileReference; includeInIndex = 0; lastKnownFileType = archive.ar; path = FaceUnity.a; sourceTree = BUILT_PRODUCTS_DIR; };
		EBCD9D60ECCDD74F404BD93D /* UIImage+demobar.h */ = {isa = PBXFileReference; lastKnownFileType = sourcecode.c.h; path = "UIImage+demobar.h"; sourceTree = "<group>"; };
		F0F06C54ED6D3C6324D35EF7 /* FUAuthData.h */ = {isa = PBXFileReference; lastKnownFileType = sourcecode.c.h; path = FUAuthData.h; sourceTree = "<group>"; };
		F0FF9CD5B62A304151F8ABB7 /* TestViewController.h */ = {isa = PBXFileReference; lastKnownFileType = sourcecode.c.h; path = TestViewController.h; sourceTree = "<group>"; };
		F83AC77047175F4054514376 /* Info.plist */ = {isa = PBXFileReference; lastKnownFileType = text.plist; path = Info.plist; sourceTree = "<group>"; };
		F9F7C5583836122EDDA27046 /* Example.app */ = {isa = PBXFileReference; includeInIndex = 0; lastKnownFileType = wrapper.application; path = Example.app; sourceTree = BUILT_PRODUCTS_DIR; };
		FED2CC836F88290CECB03634 /* FUSquareButton.h */ = {isa = PBXFileReference; lastKnownFileType = sourcecode.c.h; path = FUSquareButton.h; sourceTree = "<group>"; };
/* End PBXFileReference section */

/* Begin PBXFrameworksBuildPhase section */
		C8117FB98EF1F2FE1881D714 /* Frameworks */ = {
			isa = PBXFrameworksBuildPhase;
			buildActionMask = 2147483647;
			files = (
				ACDEFCA5393884C3DF8AB06C /* libPods-Example.a in Frameworks */,
			);
			runOnlyForDeploymentPostprocessing = 0;
		};
		DD444446C906AAC19A1D0860 /* Frameworks */ = {
			isa = PBXFrameworksBuildPhase;
			buildActionMask = 2147483647;
			files = (
			);
			runOnlyForDeploymentPostprocessing = 0;
		};
/* End PBXFrameworksBuildPhase section */

/* Begin PBXGroup section */
		08088F0A00BCD05F72481C53 /* Main */ = {
			isa = PBXGroup;
			children = (
				247211E1C53270D4BA928E84 /* Model */,
				6F5DC1C91BCC3B5AADEA6767 /* View */,
			);
			path = Main;
			sourceTree = "<group>";
		};
		0C31D51F729618F756DEFD6D /* FULiveDemo */ = {
			isa = PBXGroup;
			children = (
				591E8844E82DA34176FA58CC /* Config */,
				F5C3BB30C0428B9C75CB6C59 /* Helpers */,
				08088F0A00BCD05F72481C53 /* Main */,
				EC117F9AB0FA191A17879650 /* Modules */,
			);
			path = FULiveDemo;
			sourceTree = "<group>";
		};
		10EE56FF95CC4966101AE14A = {
			isa = PBXGroup;
			children = (
				30512840D24CE5D5B9B49CBC /* Example */,
				C559176FDA64D75472A61F25 /* FaceUnity */,
				D2EB07C15D84123F7B130FE9 /* Products */,
				AB37DADC45A9FDAEAE359B4F /* Pods */,
				96227380F6AEE0FF12302726 /* Frameworks */,
			);
			indentWidth = 4;
			sourceTree = "<group>";
			tabWidth = 4;
			usesTabs = 0;
		};
		1ACA4020847460A9D58066DF /* FUAPIDemoBar */ = {
			isa = PBXGroup;
			children = (
				C40FA7456962F6360BEB7AD3 /* FUAPIDemoBar.h */,
				CCDED30B45881BA6174AAFEA /* FUAPIDemoBar.m */,
				DC2F6ED025E5CC565CC1DFF1 /* FUAPIDemoBar.xib */,
				5A033D9477AA2BF0218F70BE /* FUBeautyParam.h */,
				D25082F05B7D08D476505A01 /* FUBeautyParam.m */,
				47B447D0A6E06952132E7904 /* FUBeautyView.h */,
				88D66AA8DAF7AE3B826FEA18 /* FUBeautyView.m */,
				3B6E25B17D41DB67DC31A465 /* FUDemoBarDefine.h */,
				957E39D7B6FF536C0FF874E9 /* FUFilterView.h */,
				A901305A6471317A386A5538 /* FUFilterView.m */,
				67CF4FFE5D2158D299CB2A7C /* FUSlider.h */,
				9DA6DFB1CC0358009505596B /* FUSlider.m */,
				37231656C54E2AF4AC371077 /* Media.xcassets */,
				61DF7EBAB426BD62C1B9AB1A /* UIColor+FUAPIDemoBar.h */,
				D95B3CFF2BC856492ED7B80B /* UIColor+FUAPIDemoBar.m */,
			);
			path = FUAPIDemoBar;
			sourceTree = "<group>";
		};
		247211E1C53270D4BA928E84 /* Model */ = {
			isa = PBXGroup;
			children = (
				9C6295523C84192E2F231FD1 /* FULiveModel.h */,
				6F34C6AB2E6E6E4E11A0816F /* FULiveModel.m */,
			);
			path = Model;
			sourceTree = "<group>";
		};
		2626EB6F7362BF3E8AF0A74E /* Beauty */ = {
			isa = PBXGroup;
			children = (
				1ACA4020847460A9D58066DF /* FUAPIDemoBar */,
			);
			path = Beauty;
			sourceTree = "<group>";
		};
		30512840D24CE5D5B9B49CBC /* Example */ = {
			isa = PBXGroup;
			children = (
				569435E63F9EE65C8C2720E7 /* AppDelegate.h */,
				2A4AD6B8D958E138658B0F85 /* AppDelegate.m */,
				C4EE104CFC32915AAC014639 /* Assets.xcassets */,
				B2E4F1A48B8C811180B74F52 /* authpack.h */,
				F83AC77047175F4054514376 /* Info.plist */,
				CE870CD263054B9A34D0DC34 /* LaunchScreen.storyboard */,
				4BCC1C5CD5B91869ACFEC1BA /* main.m */,
				D8F5B23B2ECF891779FCE856 /* MainViewController.h */,
				5B376719EFE6A3C52111422F /* MainViewController.m */,
				F0FF9CD5B62A304151F8ABB7 /* TestViewController.h */,
				3078057DADE673E9166119E0 /* TestViewController.m */,
			);
			path = Example;
			sourceTree = "<group>";
		};
		591E8844E82DA34176FA58CC /* Config */ = {
			isa = PBXGroup;
			children = (
				7D4C37E6B957C33BDCDE7178 /* dataSource.plist */,
			);
			path = Config;
			sourceTree = "<group>";
		};
		6F5DC1C91BCC3B5AADEA6767 /* View */ = {
			isa = PBXGroup;
			children = (
				525939AA1765A9CC5BE70056 /* FUOpenGLView.h */,
				4EF1CE3234695A211D96AA4D /* FUOpenGLView.m */,
				FED2CC836F88290CECB03634 /* FUSquareButton.h */,
				34D473D505335A752A8483F7 /* FUSquareButton.m */,
			);
			path = View;
			sourceTree = "<group>";
		};
		96227380F6AEE0FF12302726 /* Frameworks */ = {
			isa = PBXGroup;
			children = (
				9334D5BDC04104A8241CE6C9 /* libPods-Example.a */,
			);
			name = Frameworks;
			sourceTree = "<group>";
		};
		AB37DADC45A9FDAEAE359B4F /* Pods */ = {
			isa = PBXGroup;
			children = (
				55E2C1D538E90C8DD57F6648 /* Pods-Example.debug.xcconfig */,
				963D73134A129E555F7F8B3A /* Pods-Example.release.xcconfig */,
			);
			name = Pods;
			path = Pods;
			sourceTree = "<group>";
		};
		C559176FDA64D75472A61F25 /* FaceUnity */ = {
			isa = PBXGroup;
			children = (
				AEDCC84A02903E514B336829 /* FaceUnity.h */,
				ADCA89F1658698A169B5DF2D /* FUAPIDemoBar+FUAPIDemoBarDelegate.h */,
				E3B299D596B1E9D6929F5932 /* FUAPIDemoBar+FUAPIDemoBarDelegate.m */,
				A36A02790A8CC03990D34F30 /* FUAPIDemoBar+FUFixNibLocation.m */,
				F0F06C54ED6D3C6324D35EF7 /* FUAuthData.h */,
				E403DF82AAFAB0209DED0B4F /* FUAuthData.m */,
				AD4375C66E94FBB4CF6CF9AC /* FUBeautyManager.h */,
				8B874536C75635B45F37457F /* FUBeautyManager.m */,
				2A9E84C8177E78860423AE73 /* FUBeautyManager+FUSettingsPanel.m */,
				993606C935186C69E87B55DA /* FUBeautyPreferences.h */,
				92838819ED2EDD44EA3F432D /* FUBeautyPreferences.m */,
				7FCD7AAED99754042BC48696 /* FUBeautySettingViewController.h */,
				45D5F8DC13F1473C6EF34502 /* FUBeautySettingViewController.m */,
				ADCC28AACB17D4A91FD84348 /* NSBundle+FaceUnity.h */,
				D2D28C3677E054A2D07F83F6 /* NSBundle+FaceUnity.m */,
				EBCD9D60ECCDD74F404BD93D /* UIImage+demobar.h */,
				B690309CDB01804BFEDF3144 /* UIImage+demobar.m */,
				0C31D51F729618F756DEFD6D /* FULiveDemo */,
			);
			path = FaceUnity;
			sourceTree = "<group>";
		};
		D2EB07C15D84123F7B130FE9 /* Products */ = {
			isa = PBXGroup;
			children = (
				F9F7C5583836122EDDA27046 /* Example.app */,
				E6B4EA2E9E193A3005D345D3 /* FaceUnity.a */,
			);
			name = Products;
			sourceTree = "<group>";
		};
		EC117F9AB0FA191A17879650 /* Modules */ = {
			isa = PBXGroup;
			children = (
				2626EB6F7362BF3E8AF0A74E /* Beauty */,
			);
			path = Modules;
			sourceTree = "<group>";
		};
		F5C3BB30C0428B9C75CB6C59 /* Helpers */ = {
			isa = PBXGroup;
			children = (
				98C50C7F4567F943539D8EBD /* FUCamera.h */,
				3A26CCA57EEFE42D0A33BBF9 /* FUCamera.m */,
				22BBAC5A07D72E15FF7EFF8B /* FUImageHelper.h */,
				9C4E60F27D246C48CBC8C526 /* FUImageHelper.m */,
				ADBA4D03C41807CC058CDB4C /* FUManager.h */,
				D7835601002E4E0BAA27C6DF /* FUManager.m */,
				996139A843F55B8A43191631 /* FUMusicPlayer.h */,
				9FE746C55F1880E684A17D4E /* FUMusicPlayer.m */,
				4A4F38564BBAC81A9C150569 /* FURecordEncoder.h */,
				AEFF642A48835B748DE7C883 /* FURecordEncoder.m */,
			);
			path = Helpers;
			sourceTree = "<group>";
		};
/* End PBXGroup section */

/* Begin PBXNativeTarget section */
		1F4EF092D999935E4786239C /* FaceUnity */ = {
			isa = PBXNativeTarget;
			buildConfigurationList = 484DE055B517BB0D919EEA29 /* Build configuration list for PBXNativeTarget "FaceUnity" */;
			buildPhases = (
				E6AA5765DB68782504A89642 /* CopyFiles */,
				836D50DBD3F38B26F230BAE0 /* Sources */,
				05656B46553D490F2A7A8B7F /* Resources */,
				DD444446C906AAC19A1D0860 /* Frameworks */,
			);
			buildRules = (
			);
			dependencies = (
			);
			name = FaceUnity;
			productName = FaceUnity;
			productReference = E6B4EA2E9E193A3005D345D3 /* FaceUnity.a */;
			productType = "com.apple.product-type.library.static";
		};
		60B98F94AA96CD3AA28B960F /* Example */ = {
			isa = PBXNativeTarget;
			buildConfigurationList = 63D9BC21BAC5EED49D00C08E /* Build configuration list for PBXNativeTarget "Example" */;
			buildPhases = (
				8512718A4C18E716F7842409 /* [CP] Check Pods Manifest.lock */,
				42013E6D41CA406CD04A704A /* Sources */,
				EF614F5BC404B5DBA98D518D /* Resources */,
				C8117FB98EF1F2FE1881D714 /* Frameworks */,
				0A55473C29A67C96AD22A124 /* [CP] Copy Pods Resources */,
			);
			buildRules = (
			);
			dependencies = (
			);
			name = Example;
			productName = Example;
			productReference = F9F7C5583836122EDDA27046 /* Example.app */;
			productType = "com.apple.product-type.application";
		};
/* End PBXNativeTarget section */

/* Begin PBXProject section */
		BCBC21082312CC9020B95E91 /* Project object */ = {
			isa = PBXProject;
			attributes = {
				CLASSPREFIX = FU;
				LastUpgradeCheck = 1020;
				ORGANIZATIONNAME = "https://0x123.com";
				TargetAttributes = {
					60B98F94AA96CD3AA28B960F = {
						DevelopmentTeam = B86YZY7YJX;
					};
				};
			};
			buildConfigurationList = F45C7FDB660FE850726ED55C /* Build configuration list for PBXProject "FaceUnity" */;
			compatibilityVersion = "Xcode 10.0";
			developmentRegion = en;
			hasScannedForEncodings = 0;
			knownRegions = (
				Base,
			);
			mainGroup = 10EE56FF95CC4966101AE14A;
			productRefGroup = D2EB07C15D84123F7B130FE9 /* Products */;
			projectDirPath = "";
			projectRoot = "";
			targets = (
				60B98F94AA96CD3AA28B960F /* Example */,
				1F4EF092D999935E4786239C /* FaceUnity */,
			);
		};
/* End PBXProject section */

/* Begin PBXResourcesBuildPhase section */
		05656B46553D490F2A7A8B7F /* Resources */ = {
			isa = PBXResourcesBuildPhase;
			buildActionMask = 2147483647;
			files = (
				0576E41D82396E134C5A067D /* FUAPIDemoBar.xib in Resources */,
				23099E4C930B217A2ADAEB2F /* Media.xcassets in Resources */,
				04DFE7FEF38D5B711885B076 /* dataSource.plist in Resources */,
			);
			runOnlyForDeploymentPostprocessing = 0;
		};
		EF614F5BC404B5DBA98D518D /* Resources */ = {
			isa = PBXResourcesBuildPhase;
			buildActionMask = 2147483647;
			files = (
				40D6545A34BE6C2A6F554566 /* Assets.xcassets in Resources */,
				AE0951F988718E461C2C8647 /* LaunchScreen.storyboard in Resources */,
			);
			runOnlyForDeploymentPostprocessing = 0;
		};
/* End PBXResourcesBuildPhase section */

/* Begin PBXShellScriptBuildPhase section */
		0A55473C29A67C96AD22A124 /* [CP] Copy Pods Resources */ = {
			isa = PBXShellScriptBuildPhase;
			buildActionMask = 2147483647;
			files = (
			);
			inputFileListPaths = (
				"${PODS_ROOT}/Target Support Files/Pods-Example/Pods-Example-resources-${CONFIGURATION}-input-files.xcfilelist",
			);
			name = "[CP] Copy Pods Resources";
			outputFileListPaths = (
				"${PODS_ROOT}/Target Support Files/Pods-Example/Pods-Example-resources-${CONFIGURATION}-output-files.xcfilelist",
			);
			runOnlyForDeploymentPostprocessing = 0;
			shellPath = /bin/sh;
			shellScript = "\"${PODS_ROOT}/Target Support Files/Pods-Example/Pods-Example-resources.sh\"\n";
			showEnvVarsInLog = 0;
		};
		8512718A4C18E716F7842409 /* [CP] Check Pods Manifest.lock */ = {
			isa = PBXShellScriptBuildPhase;
			buildActionMask = 2147483647;
			files = (
			);
			inputFileListPaths = (
			);
			inputPaths = (
				"${PODS_PODFILE_DIR_PATH}/Podfile.lock",
				"${PODS_ROOT}/Manifest.lock",
			);
			name = "[CP] Check Pods Manifest.lock";
			outputFileListPaths = (
			);
			outputPaths = (
				"$(DERIVED_FILE_DIR)/Pods-Example-checkManifestLockResult.txt",
			);
			runOnlyForDeploymentPostprocessing = 0;
			shellPath = /bin/sh;
			shellScript = "diff \"${PODS_PODFILE_DIR_PATH}/Podfile.lock\" \"${PODS_ROOT}/Manifest.lock\" > /dev/null\nif [ $? != 0 ] ; then\n    # print error to STDERR\n    echo \"error: The sandbox is not in sync with the Podfile.lock. Run 'pod install' or update your CocoaPods installation.\" >&2\n    exit 1\nfi\n# This output is used by Xcode 'outputs' to avoid re-running this script phase.\necho \"SUCCESS\" > \"${SCRIPT_OUTPUT_FILE_0}\"\n";
			showEnvVarsInLog = 0;
		};
/* End PBXShellScriptBuildPhase section */

/* Begin PBXSourcesBuildPhase section */
		42013E6D41CA406CD04A704A /* Sources */ = {
			isa = PBXSourcesBuildPhase;
			buildActionMask = 2147483647;
			files = (
				4260B9A7B44D61E26FDC818F /* AppDelegate.m in Sources */,
				6A181E59997B7CAEBF1604DB /* MainViewController.m in Sources */,
				66C341C4EB2FEA1C8D4CE1A0 /* TestViewController.m in Sources */,
				3E1F67777CBB402C2D79D2AC /* main.m in Sources */,
			);
			runOnlyForDeploymentPostprocessing = 0;
		};
		836D50DBD3F38B26F230BAE0 /* Sources */ = {
			isa = PBXSourcesBuildPhase;
			buildActionMask = 2147483647;
			files = (
				DC705EE6FB64CFD3D905C6FA /* FUAPIDemoBar+FUAPIDemoBarDelegate.m in Sources */,
				9C00EFEE7BC9F320F79671DE /* FUAPIDemoBar+FUFixNibLocation.m in Sources */,
				42CADCD7C0EC0BDC9C3E7DA3 /* FUAPIDemoBar.m in Sources */,
				B6072F676DB20B2898248CF2 /* FUAuthData.m in Sources */,
				FAF2587BD23BBB1AC5DDC672 /* FUBeautyManager+FUSettingsPanel.m in Sources */,
				6A57C5BABD209A78706AF1C5 /* FUBeautyManager.m in Sources */,
				4D57FCC548359AF065FC84E7 /* FUBeautyParam.m in Sources */,
				579ACC8715785D0B1F3A5DBE /* FUBeautyPreferences.m in Sources */,
				485001CB83315BF29835E75B /* FUBeautySettingViewController.m in Sources */,
				F31B3825BB8EF933433AB738 /* FUBeautyView.m in Sources */,
				B406E9A67C34E11C9AA9D811 /* FUCamera.m in Sources */,
				9414E9E4FE91D9262F23048C /* FUFilterView.m in Sources */,
				8093ED2283C3C8F27C476B2C /* FUImageHelper.m in Sources */,
				276CAD9FA515814B8E0629AF /* FULiveModel.m in Sources */,
				B19B4C0A4EFE3320260B6608 /* FUManager.m in Sources */,
				B751E1E683BD1B604A1DAAF9 /* FUMusicPlayer.m in Sources */,
				4EDC93D48C1A3B7F66511A61 /* FUOpenGLView.m in Sources */,
				B04BD1655B8F39D85B7355BA /* FURecordEncoder.m in Sources */,
				69510D6787EB7B49930CD3A1 /* FUSlider.m in Sources */,
				0C08D82CEED179E7478ABD25 /* FUSquareButton.m in Sources */,
				A94ED5723DF6EF6F90AD5027 /* NSBundle+FaceUnity.m in Sources */,
				5AEBB62C6A1BD347CA5333CA /* UIColor+FUAPIDemoBar.m in Sources */,
				FC90740266B111D09A095C0A /* UIImage+demobar.m in Sources */,
			);
			runOnlyForDeploymentPostprocessing = 0;
		};
/* End PBXSourcesBuildPhase section */

/* Begin PBXVariantGroup section */
		CE870CD263054B9A34D0DC34 /* LaunchScreen.storyboard */ = {
			isa = PBXVariantGroup;
			children = (
				4DB38398BF6B92E596128731 /* Base */,
			);
			name = LaunchScreen.storyboard;
			sourceTree = "<group>";
		};
		DC2F6ED025E5CC565CC1DFF1 /* FUAPIDemoBar.xib */ = {
			isa = PBXVariantGroup;
			children = (
				1C7FC9A585AE1432E9B2AD6A /* Base */,
			);
			name = FUAPIDemoBar.xib;
			sourceTree = "<group>";
		};
/* End PBXVariantGroup section */

/* Begin XCBuildConfiguration section */
		1FFA0A81836D1D0CDF007D69 /* Debug */ = {
			isa = XCBuildConfiguration;
			buildSettings = {
				LD_RUNPATH_SEARCH_PATHS = (
					"$(inherited)",
					"@executable_path/Frameworks",
				);
				PRODUCT_BUNDLE_IDENTIFIER = com.0x123.FaceUnity;
				PRODUCT_NAME = "FaceUnity-iOS";
				SDKROOT = iphoneos;
				SKIP_INSTALL = YES;
				TARGETED_DEVICE_FAMILY = "1,2";
			};
			name = Debug;
		};
		212F8EB28261FEB32947A90F /* Debug */ = {
			isa = XCBuildConfiguration;
			baseConfigurationReference = 55E2C1D538E90C8DD57F6648 /* Pods-Example.debug.xcconfig */;
			buildSettings = {
				ARCHS = "$(ARCHS_STANDARD_64_BIT)";
				ASSETCATALOG_COMPILER_APPICON_NAME = AppIcon;
				CODE_SIGN_IDENTITY = "iPhone Developer";
				DEVELOPMENT_TEAM = B86YZY7YJX;
				INFOPLIST_FILE = Example/Info.plist;
				LD_RUNPATH_SEARCH_PATHS = (
					"$(inherited)",
					"@executable_path/Frameworks",
				);
				PRODUCT_BUNDLE_IDENTIFIER = com.0x123.Example;
				SDKROOT = iphoneos;
				TARGETED_DEVICE_FAMILY = "1,2";
			};
			name = Debug;
		};
		2E3023752F42BF3C9269BD75 /* Release */ = {
			isa = XCBuildConfiguration;
			baseConfigurationReference = 963D73134A129E555F7F8B3A /* Pods-Example.release.xcconfig */;
			buildSettings = {
				ARCHS = "$(ARCHS_STANDARD_64_BIT)";
				ASSETCATALOG_COMPILER_APPICON_NAME = AppIcon;
				CODE_SIGN_IDENTITY = "iPhone Developer";
				DEVELOPMENT_TEAM = B86YZY7YJX;
				INFOPLIST_FILE = Example/Info.plist;
				LD_RUNPATH_SEARCH_PATHS = (
					"$(inherited)",
					"@executable_path/Frameworks",
				);
				PRODUCT_BUNDLE_IDENTIFIER = com.0x123.Example;
				SDKROOT = iphoneos;
				TARGETED_DEVICE_FAMILY = "1,2";
			};
			name = Release;
		};
		39C20FBEAC9E4B88F804FC7A /* Release */ = {
			isa = XCBuildConfiguration;
			buildSettings = {
				ALWAYS_SEARCH_USER_PATHS = NO;
				CLANG_ANALYZER_LOCALIZABILITY_NONLOCALIZED = YES;
				CLANG_ANALYZER_NONNULL = YES;
				CLANG_ANALYZER_NUMBER_OBJECT_CONVERSION = YES_AGGRESSIVE;
				CLANG_CXX_LANGUAGE_STANDARD = "gnu++14";
				CLANG_CXX_LIBRARY = "libc++";
				CLANG_ENABLE_MODULES = YES;
				CLANG_ENABLE_OBJC_ARC = YES;
				CLANG_WARN_BLOCK_CAPTURE_AUTORELEASING = YES;
				CLANG_WARN_BOOL_CONVERSION = YES;
				CLANG_WARN_COMMA = YES;
				CLANG_WARN_CONSTANT_CONVERSION = YES;
				CLANG_WARN_DEPRECATED_OBJC_IMPLEMENTATIONS = YES;
				CLANG_WARN_DIRECT_OBJC_ISA_USAGE = YES_ERROR;
				CLANG_WARN_DOCUMENTATION_COMMENTS = YES;
				CLANG_WARN_EMPTY_BODY = YES;
				CLANG_WARN_ENUM_CONVERSION = YES;
				CLANG_WARN_INFINITE_RECURSION = YES;
				CLANG_WARN_INT_CONVERSION = YES;
				CLANG_WARN_NON_LITERAL_NULL_CONVERSION = YES;
				CLANG_WARN_OBJC_IMPLICIT_RETAIN_SELF = YES;
				CLANG_WARN_OBJC_LITERAL_CONVERSION = YES;
				CLANG_WARN_OBJC_ROOT_CLASS = YES_ERROR;
				CLANG_WARN_RANGE_LOOP_ANALYSIS = YES;
				CLANG_WARN_STRICT_PROTOTYPES = YES;
				CLANG_WARN_SUSPICIOUS_MOVE = YES;
				CLANG_WARN_UNGUARDED_AVAILABILITY = YES_AGGRESSIVE;
				CLANG_WARN_UNREACHABLE_CODE = YES;
				CLANG_WARN__DUPLICATE_METHOD_MATCH = YES;
				COPY_PHASE_STRIP = NO;
				CURRENT_PROJECT_VERSION = 1;
				DEBUG_INFORMATION_FORMAT = "dwarf-with-dsym";
				ENABLE_NS_ASSERTIONS = NO;
				ENABLE_STRICT_OBJC_MSGSEND = YES;
				GCC_C_LANGUAGE_STANDARD = gnu11;
				GCC_NO_COMMON_BLOCKS = YES;
				GCC_WARN_64_TO_32_BIT_CONVERSION = YES;
				GCC_WARN_ABOUT_RETURN_TYPE = YES_ERROR;
				GCC_WARN_UNDECLARED_SELECTOR = YES;
				GCC_WARN_UNINITIALIZED_AUTOS = YES_AGGRESSIVE;
				GCC_WARN_UNUSED_FUNCTION = YES;
				GCC_WARN_UNUSED_VARIABLE = YES;
				IPHONEOS_DEPLOYMENT_TARGET = 9.0;
				MARKETING_VERSION = 0.1.0;
				PRODUCT_NAME = "$(TARGET_NAME)";
				SDKROOT = iphoneos;
				SWIFT_COMPILATION_MODE = wholemodule;
				SWIFT_VERSION = 5.0;
				VALIDATE_PRODUCT = YES;
			};
			name = Release;
		};
		74ABF88B9038A84EAB8066F0 /* Debug */ = {
			isa = XCBuildConfiguration;
			buildSettings = {
				ALWAYS_SEARCH_USER_PATHS = NO;
				CLANG_ANALYZER_LOCALIZABILITY_NONLOCALIZED = YES;
				CLANG_ANALYZER_NONNULL = YES;
				CLANG_ANALYZER_NUMBER_OBJECT_CONVERSION = YES_AGGRESSIVE;
				CLANG_CXX_LANGUAGE_STANDARD = "gnu++14";
				CLANG_CXX_LIBRARY = "libc++";
				CLANG_ENABLE_MODULES = YES;
				CLANG_ENABLE_OBJC_ARC = YES;
				CLANG_WARN_BLOCK_CAPTURE_AUTORELEASING = YES;
				CLANG_WARN_BOOL_CONVERSION = YES;
				CLANG_WARN_COMMA = YES;
				CLANG_WARN_CONSTANT_CONVERSION = YES;
				CLANG_WARN_DEPRECATED_OBJC_IMPLEMENTATIONS = YES;
				CLANG_WARN_DIRECT_OBJC_ISA_USAGE = YES_ERROR;
				CLANG_WARN_DOCUMENTATION_COMMENTS = YES;
				CLANG_WARN_EMPTY_BODY = YES;
				CLANG_WARN_ENUM_CONVERSION = YES;
				CLANG_WARN_INFINITE_RECURSION = YES;
				CLANG_WARN_INT_CONVERSION = YES;
				CLANG_WARN_NON_LITERAL_NULL_CONVERSION = YES;
				CLANG_WARN_OBJC_IMPLICIT_RETAIN_SELF = YES;
				CLANG_WARN_OBJC_LITERAL_CONVERSION = YES;
				CLANG_WARN_OBJC_ROOT_CLASS = YES_ERROR;
				CLANG_WARN_RANGE_LOOP_ANALYSIS = YES;
				CLANG_WARN_STRICT_PROTOTYPES = YES;
				CLANG_WARN_SUSPICIOUS_MOVE = YES;
				CLANG_WARN_UNGUARDED_AVAILABILITY = YES_AGGRESSIVE;
				CLANG_WARN_UNREACHABLE_CODE = YES;
				CLANG_WARN__DUPLICATE_METHOD_MATCH = YES;
				COPY_PHASE_STRIP = NO;
				CURRENT_PROJECT_VERSION = 1;
				DEBUG_INFORMATION_FORMAT = dwarf;
				ENABLE_STRICT_OBJC_MSGSEND = YES;
				ENABLE_TESTABILITY = YES;
				GCC_C_LANGUAGE_STANDARD = gnu11;
				GCC_DYNAMIC_NO_PIC = NO;
				GCC_NO_COMMON_BLOCKS = YES;
				GCC_OPTIMIZATION_LEVEL = 0;
				GCC_PREPROCESSOR_DEFINITIONS = (
					"$(inherited)",
					"DEBUG=1",
				);
				GCC_WARN_64_TO_32_BIT_CONVERSION = YES;
				GCC_WARN_ABOUT_RETURN_TYPE = YES_ERROR;
				GCC_WARN_UNDECLARED_SELECTOR = YES;
				GCC_WARN_UNINITIALIZED_AUTOS = YES_AGGRESSIVE;
				GCC_WARN_UNUSED_FUNCTION = YES;
				GCC_WARN_UNUSED_VARIABLE = YES;
				IPHONEOS_DEPLOYMENT_TARGET = 9.0;
				MARKETING_VERSION = 0.1.0;
				MTL_ENABLE_DEBUG_INFO = YES;
				ONLY_ACTIVE_ARCH = YES;
				PRODUCT_NAME = "$(TARGET_NAME)";
				SDKROOT = iphoneos;
				SWIFT_ACTIVE_COMPILATION_CONDITIONS = DEBUG;
				SWIFT_OPTIMIZATION_LEVEL = "-Onone";
				SWIFT_VERSION = 5.0;
			};
			name = Debug;
		};
		BC39B1944384F8169C412AC9 /* Release */ = {
			isa = XCBuildConfiguration;
			buildSettings = {
				LD_RUNPATH_SEARCH_PATHS = (
					"$(inherited)",
					"@executable_path/Frameworks",
				);
				PRODUCT_BUNDLE_IDENTIFIER = com.0x123.FaceUnity;
				PRODUCT_NAME = "FaceUnity-iOS";
				SDKROOT = iphoneos;
				SKIP_INSTALL = YES;
				TARGETED_DEVICE_FAMILY = "1,2";
			};
			name = Release;
		};
/* End XCBuildConfiguration section */

/* Begin XCConfigurationList section */
		484DE055B517BB0D919EEA29 /* Build configuration list for PBXNativeTarget "FaceUnity" */ = {
			isa = XCConfigurationList;
			buildConfigurations = (
				1FFA0A81836D1D0CDF007D69 /* Debug */,
				BC39B1944384F8169C412AC9 /* Release */,
			);
			defaultConfigurationIsVisible = 0;
			defaultConfigurationName = Debug;
		};
		63D9BC21BAC5EED49D00C08E /* Build configuration list for PBXNativeTarget "Example" */ = {
			isa = XCConfigurationList;
			buildConfigurations = (
				212F8EB28261FEB32947A90F /* Debug */,
				2E3023752F42BF3C9269BD75 /* Release */,
			);
			defaultConfigurationIsVisible = 0;
			defaultConfigurationName = Debug;
		};
		F45C7FDB660FE850726ED55C /* Build configuration list for PBXProject "FaceUnity" */ = {
			isa = XCConfigurationList;
			buildConfigurations = (
				74ABF88B9038A84EAB8066F0 /* Debug */,
				39C20FBEAC9E4B88F804FC7A /* Release */,
			);
			defaultConfigurationIsVisible = 0;
			defaultConfigurationName = Debug;
		};
/* End XCConfigurationList section */
	};
	rootObject = BCBC21082312CC9020B95E91 /* Project object */;
}
