PODS:
  - ESFramework (3.22.1):
    - ESFramework/Foundation (= 3.22.1)
    - ESFramework/Network (= 3.22.1)
    - ESFramework/UIKit (= 3.22.1)
  - ESFramework/Foundation (3.22.1)
  - ESFramework/Network (3.22.1)
  - ESFramework/UIKit (3.22.1):
    - ESFramework/Foundation
    - ESFramework/Network
  - FaceUnity (0.2.1):
    - FaceUnity/Lite (= 0.2.1)
  - FaceUnity/Core (0.2.1):
    - ESFramework (~> 3.20)
    - Masonry (~> 1.1)
    - MJExtension (~> 3.2)
    - SVProgressHUD (~> 2.2)
  - FaceUnity/Lite (0.2.1):
    - FaceUnity/Core
    - Nama-lite (= 6.7.0)
  - Masonry (1.1.0)
  - MJExtension (3.2.1)
  - Nama-lite (6.7.0)
  - SVProgressHUD (2.2.5)

DEPENDENCIES:
  - FaceUnity (from `.`)

SPEC REPOS:
  trunk:
    - ESFramework
    - Masonry
    - MJExtension
    - Nama-lite
    - SVProgressHUD

EXTERNAL SOURCES:
  FaceUnity:
    :path: "."

SPEC CHECKSUMS:
  ESFramework: a757be349ff8a1eab5b41714f3f61716c9be7c2e
  FaceUnity: c17c06cef45268f6c57ae9ff58153e7b0cf39765
  Masonry: 678fab65091a9290e40e2832a55e7ab731aad201
  MJExtension: 635f2c663dcb1bf76fa4b715b2570a5710aec545
  Nama-lite: 58dbabb948a6d4622c94d8a83419f02fbfa65103
  SVProgressHUD: 1428aafac632c1f86f62aa4243ec12008d7a51d6

PODFILE CHECKSUM: d0086cdcc7711b7fc7d55025f933b94169ce2a7e

COCOAPODS: 1.9.1
